
Microsoft Visual Studio Solution File, Format Version 12.00
# Visual Studio Version 16
VisualStudioVersion = 16.0.31729.503
MinimumVisualStudioVersion = 10.0.40219.1
Project("{FAE04EC0-301F-11D3-BF4B-00C04F79EFBC}") = "CorePrograms", "CorePrograms\CorePrograms.csproj", "{9122F02C-47B7-4B3D-BAA7-BB0E4D25823C}"
EndProject
Global
	GlobalSection(SolutionConfigurationPlatforms) = preSolution
		Debug|Any CPU = Debug|Any CPU
		Release|Any CPU = Release|Any CPU
	EndGlobalSection
	GlobalSection(ProjectConfigurationPlatforms) = postSolution
		{9122F02C-47B7-4B3D-BAA7-BB0E4D25823C}.Debug|Any CPU.ActiveCfg = Debug|Any CPU
		{9122F02C-47B7-4B3D-BAA7-BB0E4D25823C}.Debug|Any CPU.Build.0 = Debug|Any CPU
		{9122F02C-47B7-4B3D-BAA7-BB0E4D25823C}.Release|Any CPU.ActiveCfg = Release|Any CPU
		{9122F02C-47B7-4B3D-BAA7-BB0E4D25823C}.Release|Any CPU.Build.0 = Release|Any CPU
	EndGlobalSection
	GlobalSection(SolutionProperties) = preSolution
		HideSolutionNode = FALSE
	EndGlobalSection
	GlobalSection(ExtensibilityGlobals) = postSolution
		SolutionGuid = {6DED5E9A-81EC-4F20-8DBB-652714102454}
	EndGlobalSection
EndGlobal
